// !$*UTF8*$!
{
	archiveVersion = 1;
	classes = {
	};
	objectVersion = 77;
	objects = {

/* Begin PBXContainerItemProxy section */
		FCDBE8122D6CAD400076816C /* PBXContainerItemProxy */ = {
			isa = PBXContainerItemProxy;
			containerPortal = FCDBE7F92D6CAD3F0076816C /* Project object */;
			proxyType = 1;
			remoteGlobalIDString = FCDBE8002D6CAD3F0076816C;
			remoteInfo = MovieJournal;
		};
		FCDBE81C2D6CAD410076816C /* PBXContainerItemProxy */ = {
			isa = PBXContainerItemProxy;
			containerPortal = FCDBE7F92D6CAD3F0076816C /* Project object */;
			proxyType = 1;
			remoteGlobalIDString = FCDBE8002D6CAD3F0076816C;
			remoteInfo = MovieJournal;
		};
/* End PBXContainerItemProxy section */

/* Begin PBXFileReference section */
		FCDBE8012D6CAD3F0076816C /* MovieJournal.app */ = {isa = PBXFileReference; explicitFileType = wrapper.application; includeInIndex = 0; path = MovieJournal.app; sourceTree = BUILT_PRODUCTS_DIR; };
		FCDBE8112D6CAD400076816C /* MovieJournalTests.xctest */ = {isa = PBXFileReference; explicitFileType = wrapper.cfbundle; includeInIndex = 0; path = MovieJournalTests.xctest; sourceTree = BUILT_PRODUCTS_DIR; };
		FCDBE81B2D6CAD410076816C /* MovieJournalUITests.xctest */ = {isa = PBXFileReference; explicitFileType = wrapper.cfbundle; includeInIndex = 0; path = MovieJournalUITests.xctest; sourceTree = BUILT_PRODUCTS_DIR; };
/* End PBXFileReference section */

/* Begin PBXFileSystemSynchronizedRootGroup section */
		FCDBE8032D6CAD3F0076816C /* MovieJournal */ = {
			isa = PBXFileSystemSynchronizedRootGroup;
			path = MovieJournal;
			sourceTree = "<group>";
		};
		FCDBE8142D6CAD400076816C /* MovieJournalTests */ = {
			isa = PBXFileSystemSynchronizedRootGroup;
			path = MovieJournalTests;
			sourceTree = "<group>";
		};
		FCDBE81E2D6CAD410076816C /* MovieJournalUITests */ = {
			isa = PBXFileSystemSynchronizedRootGroup;
			path = MovieJournalUITests;
			sourceTree = "<group>";
		};
/* End PBXFileSystemSynchronizedRootGroup section */

/* Begin PBXFrameworksBuildPhase section */
		FCDBE7FE2D6CAD3F0076816C /* Frameworks */ = {
			isa = PBXFrameworksBuildPhase;
			buildActionMask = 2147483647;
			files = (
			);
			runOnlyForDeploymentPostprocessing = 0;
		};
		FCDBE80E2D6CAD400076816C /* Frameworks */ = {
			isa = PBXFrameworksBuildPhase;
			buildActionMask = 2147483647;
			files = (
			);
			runOnlyForDeploymentPostprocessing = 0;
		};
		FCDBE8182D6CAD410076816C /* Frameworks */ = {
			isa = PBXFrameworksBuildPhase;
			buildActionMask = 2147483647;
			files = (
			);
			runOnlyForDeploymentPostprocessing = 0;
		};
/* End PBXFrameworksBuildPhase section */

/* Begin PBXGroup section */
		FCDBE7F82D6CAD3F0076816C = {
			isa = PBXGroup;
			children = (
				FCDBE8032D6CAD3F0076816C /* MovieJournal */,
				FCDBE8142D6CAD400076816C /* MovieJournalTests */,
				FCDBE81E2D6CAD410076816C /* MovieJournalUITests */,
				FCDBE8022D6CAD3F0076816C /* Products */,
			);
			sourceTree = "<group>";
		};
		FCDBE8022D6CAD3F0076816C /* Products */ = {
			isa = PBXGroup;
			children = (
				FCDBE8012D6CAD3F0076816C /* MovieJournal.app */,
				FCDBE8112D6CAD400076816C /* MovieJournalTests.xctest */,
				FCDBE81B2D6CAD410076816C /* MovieJournalUITests.xctest */,
			);
			name = Products;
			sourceTree = "<group>";
		};
/* End PBXGroup section */

/* Begin PBXNativeTarget section */
		FCDBE8002D6CAD3F0076816C /* MovieJournal */ = {
			isa = PBXNativeTarget;
			buildConfigurationList = FCDBE8252D6CAD410076816C /* Build configuration list for PBXNativeTarget "MovieJournal" */;
			buildPhases = (
				FCDBE7FD2D6CAD3F0076816C /* Sources */,
				FCDBE7FE2D6CAD3F0076816C /* Frameworks */,
				FCDBE7FF2D6CAD3F0076816C /* Resources */,
			);
			buildRules = (
			);
			dependencies = (
			);
			fileSystemSynchronizedGroups = (
				FCDBE8032D6CAD3F0076816C /* MovieJournal */,
			);
			name = MovieJournal;
			packageProductDependencies = (
			);
			productName = MovieJournal;
			productReference = FCDBE8012D6CAD3F0076816C /* MovieJournal.app */;
			productType = "com.apple.product-type.application";
		};
		FCDBE8102D6CAD400076816C /* MovieJournalTests */ = {
			isa = PBXNativeTarget;
			buildConfigurationList = FCDBE8282D6CAD410076816C /* Build configuration list for PBXNativeTarget "MovieJournalTests" */;
			buildPhases = (
				FCDBE80D2D6CAD400076816C /* Sources */,
				FCDBE80E2D6CAD400076816C /* Frameworks */,
				FCDBE80F2D6CAD400076816C /* Resources */,
			);
			buildRules = (
			);
			dependencies = (
				FCDBE8132D6CAD400076816C /* PBXTargetDependency */,
			);
			fileSystemSynchronizedGroups = (
				FCDBE8142D6CAD400076816C /* MovieJournalTests */,
			);
			name = MovieJournalTests;
			packageProductDependencies = (
			);
			productName = MovieJournalTests;
			productReference = FCDBE8112D6CAD400076816C /* MovieJournalTests.xctest */;
			productType = "com.apple.product-type.bundle.unit-test";
		};
		FCDBE81A2D6CAD410076816C /* MovieJournalUITests */ = {
			isa = PBXNativeTarget;
			buildConfigurationList = FCDBE82B2D6CAD410076816C /* Build configuration list for PBXNativeTarget "MovieJournalUITests" */;
			buildPhases = (
				FCDBE8172D6CAD410076816C /* Sources */,
				FCDBE8182D6CAD410076816C /* Frameworks */,
				FCDBE8192D6CAD410076816C /* Resources */,
			);
			buildRules = (
			);
			dependencies = (
				FCDBE81D2D6CAD410076816C /* PBXTargetDependency */,
			);
			fileSystemSynchronizedGroups = (
				FCDBE81E2D6CAD410076816C /* MovieJournalUITests */,
			);
			name = MovieJournalUITests;
			packageProductDependencies = (
			);
			productName = MovieJournalUITests;
			productReference = FCDBE81B2D6CAD410076816C /* MovieJournalUITests.xctest */;
			productType = "com.apple.product-type.bundle.ui-testing";
		};
/* End PBXNativeTarget section */

/* Begin PBXProject section */
		FCDBE7F92D6CAD3F0076816C /* Project object */ = {
			isa = PBXProject;
			attributes = {
				BuildIndependentTargetsInParallel = 1;
				LastSwiftUpdateCheck = 1620;
				LastUpgradeCheck = 1620;
				TargetAttributes = {
					FCDBE8002D6CAD3F0076816C = {
						CreatedOnToolsVersion = 16.2;
					};
					FCDBE8102D6CAD400076816C = {
						CreatedOnToolsVersion = 16.2;
						TestTargetID = FCDBE8002D6CAD3F0076816C;
					};
					FCDBE81A2D6CAD410076816C = {
						CreatedOnToolsVersion = 16.2;
						TestTargetID = FCDBE8002D6CAD3F0076816C;
					};
				};
			};
			buildConfigurationList = FCDBE7FC2D6CAD3F0076816C /* Build configuration list for PBXProject "MovieJournal" */;
			developmentRegion = en;
			hasScannedForEncodings = 0;
			knownRegions = (
				en,
				Base,
			);
			mainGroup = FCDBE7F82D6CAD3F0076816C;
			minimizedProjectReferenceProxies = 1;
			preferredProjectObjectVersion = 77;
			productRefGroup = FCDBE8022D6CAD3F0076816C /* Products */;
			projectDirPath = "";
			projectRoot = "";
			targets = (
				FCDBE8002D6CAD3F0076816C /* MovieJournal */,
				FCDBE8102D6CAD400076816C /* MovieJournalTests */,
				FCDBE81A2D6CAD410076816C /* MovieJournalUITests */,
			);
		};
/* End PBXProject section */

/* Begin PBXResourcesBuildPhase section */
		FCDBE7FF2D6CAD3F0076816C /* Resources */ = {
			isa = PBXResourcesBuildPhase;
			buildActionMask = 2147483647;
			files = (
			);
			runOnlyForDeploymentPostprocessing = 0;
		};
		FCDBE80F2D6CAD400076816C /* Resources */ = {
			isa = PBXResourcesBuildPhase;
			buildActionMask = 2147483647;
			files = (
			);
			runOnlyForDeploymentPostprocessing = 0;
		};
		FCDBE8192D6CAD410076816C /* Resources */ = {
			isa = PBXResourcesBuildPhase;
			buildActionMask = 2147483647;
			files = (
			);
			runOnlyForDeploymentPostprocessing = 0;
		};
/* End PBXResourcesBuildPhase section */

/* Begin PBXSourcesBuildPhase section */
		FCDBE7FD2D6CAD3F0076816C /* Sources */ = {
			isa = PBXSourcesBuildPhase;
			buildActionMask = 2147483647;
			files = (
			);
			runOnlyForDeploymentPostprocessing = 0;
		};
		FCDBE80D2D6CAD400076816C /* Sources */ = {
			isa = PBXSourcesBuildPhase;
			buildActionMask = 2147483647;
			files = (
			);
			runOnlyForDeploymentPostprocessing = 0;
		};
		FCDBE8172D6CAD410076816C /* Sources */ = {
			isa = PBXSourcesBuildPhase;
			buildActionMask = 2147483647;
			files = (
			);
			runOnlyForDeploymentPostprocessing = 0;
		};
/* End PBXSourcesBuildPhase section */

/* Begin PBXTargetDependency section */
		FCDBE8132D6CAD400076816C /* PBXTargetDependency */ = {
			isa = PBXTargetDependency;
			target = FCDBE8002D6CAD3F0076816C /* MovieJournal */;
			targetProxy = FCDBE8122D6CAD400076816C /* PBXContainerItemProxy */;
		};
		FCDBE81D2D6CAD410076816C /* PBXTargetDependency */ = {
			isa = PBXTargetDependency;
			target = FCDBE8002D6CAD3F0076816C /* MovieJournal */;
			targetProxy = FCDBE81C2D6CAD410076816C /* PBXContainerItemProxy */;
		};
/* End PBXTargetDependency section */

/* Begin XCBuildConfiguration section */
		FCDBE8232D6CAD410076816C /* Debug */ = {
			isa = XCBuildConfiguration;
			buildSettings = {
				ALWAYS_SEARCH_USER_PATHS = NO;
				ASSETCATALOG_COMPILER_GENERATE_SWIFT_ASSET_SYMBOL_EXTENSIONS = YES;
				CLANG_ANALYZER_NONNULL = YES;
				CLANG_ANALYZER_NUMBER_OBJECT_CONVERSION = YES_AGGRESSIVE;
				CLANG_CXX_LANGUAGE_STANDARD = "gnu++20";
				CLANG_ENABLE_MODULES = YES;
				CLANG_ENABLE_OBJC_ARC = YES;
				CLANG_ENABLE_OBJC_WEAK = YES;
				CLANG_WARN_BLOCK_CAPTURE_AUTORELEASING = YES;
				CLANG_WARN_BOOL_CONVERSION = YES;
				CLANG_WARN_COMMA = YES;
				CLANG_WARN_CONSTANT_CONVERSION = YES;
				CLANG_WARN_DEPRECATED_OBJC_IMPLEMENTATIONS = YES;
				CLANG_WARN_DIRECT_OBJC_ISA_USAGE = YES_ERROR;
				CLANG_WARN_DOCUMENTATION_COMMENTS = YES;
				CLANG_WARN_EMPTY_BODY = YES;
				CLANG_WARN_ENUM_CONVERSION = YES;
				CLANG_WARN_INFINITE_RECURSION = YES;
				CLANG_WARN_INT_CONVERSION = YES;
				CLANG_WARN_NON_LITERAL_NULL_CONVERSION = YES;
				CLANG_WARN_OBJC_IMPLICIT_RETAIN_SELF = YES;
				CLANG_WARN_OBJC_LITERAL_CONVERSION = YES;
				CLANG_WARN_OBJC_ROOT_CLASS = YES_ERROR;
				CLANG_WARN_QUOTED_INCLUDE_IN_FRAMEWORK_HEADER = YES;
				CLANG_WARN_RANGE_LOOP_ANALYSIS = YES;
				CLANG_WARN_STRICT_PROTOTYPES = YES;
				CLANG_WARN_SUSPICIOUS_MOVE = YES;
				CLANG_WARN_UNGUARDED_AVAILABILITY = YES_AGGRESSIVE;
				CLANG_WARN_UNREACHABLE_CODE = YES;
				CLANG_WARN__DUPLICATE_METHOD_MATCH = YES;
				COPY_PHASE_STRIP = NO;
				DEBUG_INFORMATION_FORMAT = dwarf;
				ENABLE_STRICT_OBJC_MSGSEND = YES;
				ENABLE_TESTABILITY = YES;
				ENABLE_USER_SCRIPT_SANDBOXING = YES;
				GCC_C_LANGUAGE_STANDARD = gnu17;
				GCC_DYNAMIC_NO_PIC = NO;
				GCC_NO_COMMON_BLOCKS = YES;
				GCC_OPTIMIZATION_LEVEL = 0;
				GCC_PREPROCESSOR_DEFINITIONS = (
					"DEBUG=1",
					"$(inherited)",
				);
				GCC_WARN_64_TO_32_BIT_CONVERSION = YES;
				GCC_WARN_ABOUT_RETURN_TYPE = YES_ERROR;
				GCC_WARN_UNDECLARED_SELECTOR = YES;
				GCC_WARN_UNINITIALIZED_AUTOS = YES_AGGRESSIVE;
				GCC_WARN_UNUSED_FUNCTION = YES;
				GCC_WARN_UNUSED_VARIABLE = YES;
				IPHONEOS_DEPLOYMENT_TARGET = 18.2;
				LOCALIZATION_PREFERS_STRING_CATALOGS = YES;
				MTL_ENABLE_DEBUG_INFO = INCLUDE_SOURCE;
				MTL_FAST_MATH = YES;
				ONLY_ACTIVE_ARCH = YES;
				SDKROOT = iphoneos;
				SWIFT_ACTIVE_COMPILATION_CONDITIONS = "DEBUG $(inherited)";
				SWIFT_OPTIMIZATION_LEVEL = "-Onone";
			};
			name = Debug;
		};
		FCDBE8242D6CAD410076816C /* Release */ = {
			isa = XCBuildConfiguration;
			buildSettings = {
				ALWAYS_SEARCH_USER_PATHS = NO;
				ASSETCATALOG_COMPILER_GENERATE_SWIFT_ASSET_SYMBOL_EXTENSIONS = YES;
				CLANG_ANALYZER_NONNULL = YES;
				CLANG_ANALYZER_NUMBER_OBJECT_CONVERSION = YES_AGGRESSIVE;
				CLANG_CXX_LANGUAGE_STANDARD = "gnu++20";
				CLANG_ENABLE_MODULES = YES;
				CLANG_ENABLE_OBJC_ARC = YES;
				CLANG_ENABLE_OBJC_WEAK = YES;
				CLANG_WARN_BLOCK_CAPTURE_AUTORELEASING = YES;
				CLANG_WARN_BOOL_CONVERSION = YES;
				CLANG_WARN_COMMA = YES;
				CLANG_WARN_CONSTANT_CONVERSION = YES;
				CLANG_WARN_DEPRECATED_OBJC_IMPLEMENTATIONS = YES;
				CLANG_WARN_DIRECT_OBJC_ISA_USAGE = YES_ERROR;
				CLANG_WARN_DOCUMENTATION_COMMENTS = YES;
				CLANG_WARN_EMPTY_BODY = YES;
				CLANG_WARN_ENUM_CONVERSION = YES;
				CLANG_WARN_INFINITE_RECURSION = YES;
				CLANG_WARN_INT_CONVERSION = YES;
				CLANG_WARN_NON_LITERAL_NULL_CONVERSION = YES;
				CLANG_WARN_OBJC_IMPLICIT_RETAIN_SELF = YES;
				CLANG_WARN_OBJC_LITERAL_CONVERSION = YES;
				CLANG_WARN_OBJC_ROOT_CLASS = YES_ERROR;
				CLANG_WARN_QUOTED_INCLUDE_IN_FRAMEWORK_HEADER = YES;
				CLANG_WARN_RANGE_LOOP_ANALYSIS = YES;
				CLANG_WARN_STRICT_PROTOTYPES = YES;
				CLANG_WARN_SUSPICIOUS_MOVE = YES;
				CLANG_WARN_UNGUARDED_AVAILABILITY = YES_AGGRESSIVE;
				CLANG_WARN_UNREACHABLE_CODE = YES;
				CLANG_WARN__DUPLICATE_METHOD_MATCH = YES;
				COPY_PHASE_STRIP = NO;
				DEBUG_INFORMATION_FORMAT = "dwarf-with-dsym";
				ENABLE_NS_ASSERTIONS = NO;
				ENABLE_STRICT_OBJC_MSGSEND = YES;
				ENABLE_USER_SCRIPT_SANDBOXING = YES;
				GCC_C_LANGUAGE_STANDARD = gnu17;
				GCC_NO_COMMON_BLOCKS = YES;
				GCC_WARN_64_TO_32_BIT_CONVERSION = YES;
				GCC_WARN_ABOUT_RETURN_TYPE = YES_ERROR;
				GCC_WARN_UNDECLARED_SELECTOR = YES;
				GCC_WARN_UNINITIALIZED_AUTOS = YES_AGGRESSIVE;
				GCC_WARN_UNUSED_FUNCTION = YES;
				GCC_WARN_UNUSED_VARIABLE = YES;
				IPHONEOS_DEPLOYMENT_TARGET = 18.2;
				LOCALIZATION_PREFERS_STRING_CATALOGS = YES;
				MTL_ENABLE_DEBUG_INFO = NO;
				MTL_FAST_MATH = YES;
				SDKROOT = iphoneos;
				SWIFT_COMPILATION_MODE = wholemodule;
				VALIDATE_PRODUCT = YES;
			};
			name = Release;
		};
		FCDBE8262D6CAD410076816C /* Debug */ = {
			isa = XCBuildConfiguration;
			buildSettings = {
				ASSETCATALOG_COMPILER_APPICON_NAME = AppIcon;
				ASSETCATALOG_COMPILER_GLOBAL_ACCENT_COLOR_NAME = AccentColor;
				CODE_SIGN_STYLE = Automatic;
				CURRENT_PROJECT_VERSION = 1;
				DEVELOPMENT_ASSET_PATHS = "\"MovieJournal/Preview Content\"";
				ENABLE_PREVIEWS = YES;
				GENERATE_INFOPLIST_FILE = YES;
				INFOPLIST_KEY_UIApplicationSceneManifest_Generation = YES;
				INFOPLIST_KEY_UIApplicationSupportsIndirectInputEvents = YES;
				INFOPLIST_KEY_UILaunchScreen_Generation = YES;
				INFOPLIST_KEY_UISupportedInterfaceOrientations_iPad = "UIInterfaceOrientationPortrait UIInterfaceOrientationPortraitUpsideDown UIInterfaceOrientationLandscapeLeft UIInterfaceOrientationLandscapeRight";
				INFOPLIST_KEY_UISupportedInterfaceOrientations_iPhone = "UIInterfaceOrientationPortrait UIInterfaceOrientationLandscapeLeft UIInterfaceOrientationLandscapeRight";
				LD_RUNPATH_SEARCH_PATHS = (
					"$(inherited)",
					"@executable_path/Frameworks",
				);
				MARKETING_VERSION = 1.0;
				PRODUCT_BUNDLE_IDENTIFIER = RadicalRumin.MovieJournal;
				PRODUCT_NAME = "$(TARGET_NAME)";
				SWIFT_EMIT_LOC_STRINGS = YES;
				SWIFT_VERSION = 5.0;
				TARGETED_DEVICE_FAMILY = "1,2";
			};
			name = Debug;
		};
		FCDBE8272D6CAD410076816C /* Release */ = {
			isa = XCBuildConfiguration;
			buildSettings = {
				ASSETCATALOG_COMPILER_APPICON_NAME = AppIcon;
				ASSETCATALOG_COMPILER_GLOBAL_ACCENT_COLOR_NAME = AccentColor;
				CODE_SIGN_STYLE = Automatic;
				CURRENT_PROJECT_VERSION = 1;
				DEVELOPMENT_ASSET_PATHS = "\"MovieJournal/Preview Content\"";
				ENABLE_PREVIEWS = YES;
				GENERATE_INFOPLIST_FILE = YES;
				INFOPLIST_KEY_UIApplicationSceneManifest_Generation = YES;
				INFOPLIST_KEY_UIApplicationSupportsIndirectInputEvents = YES;
				INFOPLIST_KEY_UILaunchScreen_Generation = YES;
				INFOPLIST_KEY_UISupportedInterfaceOrientations_iPad = "UIInterfaceOrientationPortrait UIInterfaceOrientationPortraitUpsideDown UIInterfaceOrientationLandscapeLeft UIInterfaceOrientationLandscapeRight";
				INFOPLIST_KEY_UISupportedInterfaceOrientations_iPhone = "UIInterfaceOrientationPortrait UIInterfaceOrientationLandscapeLeft UIInterfaceOrientationLandscapeRight";
				LD_RUNPATH_SEARCH_PATHS = (
					"$(inherited)",
					"@executable_path/Frameworks",
				);
				MARKETING_VERSION = 1.0;
				PRODUCT_BUNDLE_IDENTIFIER = RadicalRumin.MovieJournal;
				PRODUCT_NAME = "$(TARGET_NAME)";
				SWIFT_EMIT_LOC_STRINGS = YES;
				SWIFT_VERSION = 5.0;
				TARGETED_DEVICE_FAMILY = "1,2";
			};
			name = Release;
		};
		FCDBE8292D6CAD410076816C /* Debug */ = {
			isa = XCBuildConfiguration;
			buildSettings = {
				BUNDLE_LOADER = "$(TEST_HOST)";
				CODE_SIGN_STYLE = Automatic;
				CURRENT_PROJECT_VERSION = 1;
				GENERATE_INFOPLIST_FILE = YES;
				IPHONEOS_DEPLOYMENT_TARGET = 18.2;
				MARKETING_VERSION = 1.0;
				PRODUCT_BUNDLE_IDENTIFIER = RadicalRumin.MovieJournalTests;
				PRODUCT_NAME = "$(TARGET_NAME)";
				SWIFT_EMIT_LOC_STRINGS = NO;
				SWIFT_VERSION = 5.0;
				TARGETED_DEVICE_FAMILY = "1,2";
				TEST_HOST = "$(BUILT_PRODUCTS_DIR)/MovieJournal.app/$(BUNDLE_EXECUTABLE_FOLDER_PATH)/MovieJournal";
			};
			name = Debug;
		};
		FCDBE82A2D6CAD410076816C /* Release */ = {
			isa = XCBuildConfiguration;
			buildSettings = {
				BUNDLE_LOADER = "$(TEST_HOST)";
				CODE_SIGN_STYLE = Automatic;
				CURRENT_PROJECT_VERSION = 1;
				GENERATE_INFOPLIST_FILE = YES;
				IPHONEOS_DEPLOYMENT_TARGET = 18.2;
				MARKETING_VERSION = 1.0;
				PRODUCT_BUNDLE_IDENTIFIER = RadicalRumin.MovieJournalTests;
				PRODUCT_NAME = "$(TARGET_NAME)";
				SWIFT_EMIT_LOC_STRINGS = NO;
				SWIFT_VERSION = 5.0;
				TARGETED_DEVICE_FAMILY = "1,2";
				TEST_HOST = "$(BUILT_PRODUCTS_DIR)/MovieJournal.app/$(BUNDLE_EXECUTABLE_FOLDER_PATH)/MovieJournal";
			};
			name = Release;
		};
		FCDBE82C2D6CAD410076816C /* Debug */ = {
			isa = XCBuildConfiguration;
			buildSettings = {
				CODE_SIGN_STYLE = Automatic;
				CURRENT_PROJECT_VERSION = 1;
				GENERATE_INFOPLIST_FILE = YES;
				MARKETING_VERSION = 1.0;
				PRODUCT_BUNDLE_IDENTIFIER = RadicalRumin.MovieJournalUITests;
				PRODUCT_NAME = "$(TARGET_NAME)";
				SWIFT_EMIT_LOC_STRINGS = NO;
				SWIFT_VERSION = 5.0;
				TARGETED_DEVICE_FAMILY = "1,2";
				TEST_TARGET_NAME = MovieJournal;
			};
			name = Debug;
		};
		FCDBE82D2D6CAD410076816C /* Release */ = {
			isa = XCBuildConfiguration;
			buildSettings = {
				CODE_SIGN_STYLE = Automatic;
				CURRENT_PROJECT_VERSION = 1;
				GENERATE_INFOPLIST_FILE = YES;
				MARKETING_VERSION = 1.0;
				PRODUCT_BUNDLE_IDENTIFIER = RadicalRumin.MovieJournalUITests;
				PRODUCT_NAME = "$(TARGET_NAME)";
				SWIFT_EMIT_LOC_STRINGS = NO;
				SWIFT_VERSION = 5.0;
				TARGETED_DEVICE_FAMILY = "1,2";
				TEST_TARGET_NAME = MovieJournal;
			};
			name = Release;
		};
/* End XCBuildConfiguration section */

/* Begin XCConfigurationList section */
		FCDBE7FC2D6CAD3F0076816C /* Build configuration list for PBXProject "MovieJournal" */ = {
			isa = XCConfigurationList;
			buildConfigurations = (
				FCDBE8232D6CAD410076816C /* Debug */,
				FCDBE8242D6CAD410076816C /* Release */,
			);
			defaultConfigurationIsVisible = 0;
			defaultConfigurationName = Release;
		};
		FCDBE8252D6CAD410076816C /* Build configuration list for PBXNativeTarget "MovieJournal" */ = {
			isa = XCConfigurationList;
			buildConfigurations = (
				FCDBE8262D6CAD410076816C /* Debug */,
				FCDBE8272D6CAD410076816C /* Release */,
			);
			defaultConfigurationIsVisible = 0;
			defaultConfigurationName = Release;
		};
		FCDBE8282D6CAD410076816C /* Build configuration list for PBXNativeTarget "MovieJournalTests" */ = {
			isa = XCConfigurationList;
			buildConfigurations = (
				FCDBE8292D6CAD410076816C /* Debug */,
				FCDBE82A2D6CAD410076816C /* Release */,
			);
			defaultConfigurationIsVisible = 0;
			defaultConfigurationName = Release;
		};
		FCDBE82B2D6CAD410076816C /* Build configuration list for PBXNativeTarget "MovieJournalUITests" */ = {
			isa = XCConfigurationList;
			buildConfigurations = (
				FCDBE82C2D6CAD410076816C /* Debug */,
				FCDBE82D2D6CAD410076816C /* Release */,
			);
			defaultConfigurationIsVisible = 0;
			defaultConfigurationName = Release;
		};
/* End XCConfigurationList section */
	};
	rootObject = FCDBE7F92D6CAD3F0076816C /* Project object */;
}
